github.com/itzngga/goproxy/ext v0.0.0-20190711103511-473e67f1d7d2 h1:dWB6v3RcOy03t/bUadywsbyrQwCqZeNIEX6M1OtSZOM=
github.com/itzngga/goproxy/ext v0.0.0-20190711103511-473e67f1d7d2/go.mod h1:gNh8nYJoAm43RfaxurUnxr+N1PwuFV3ZMl/efxlIlY8=
github.com/itzngga/goproxy/ext v0.0.0-20240522094125-9870c3d500a3 h1:zKF0FELmbDPvs5VctajY+FqxxnhACoCMgxt7RcaMTcw=
github.com/itzngga/goproxy/ext v0.0.0-20240522094125-9870c3d500a3/go.mod h1:tnw8PbpyQVQmM7yo4KaFAlvVOjj4G1hbTgQ1EE3w35M=
github.com/rogpeppe/go-charset v0.0.0-20180617210344-2471d30d28b4/go.mod h1:qgYeAmZ5ZIpBWTGllZSQnw97Dj+woV0toclVaRGI8pc=
